
Microsoft Visual Studio Solution File, Format Version 12.00
# Visual Studio Version 17
VisualStudioVersion = 17.7.34018.315
MinimumVisualStudioVersion = 10.0.40219.1
Project("{9A19103F-16F7-4668-BE54-9A1E7A4F7556}") = "ChessMaster.RobotDriver", "ChessMaster.Driver\ChessMaster.RobotDriver.csproj", "{18CDBF08-905E-494E-857C-32D6608A149C}"
EndProject
Project("{9A19103F-16F7-4668-BE54-9A1E7A4F7556}") = "ChessMaster.ChessDriver", "ChessMaster.Chess\ChessMaster.ChessDriver.csproj", "{2B713943-5AE9-46A5-8E52-CC688E8746A7}"
EndProject
Project("{9A19103F-16F7-4668-BE54-9A1E7A4F7556}") = "ChessMaster.Space", "ChessMaster.Space\ChessMaster.Space.csproj", "{BC71D726-08B1-4251-AD5A-690E13FC0E3A}"
EndProject
Project("{9A19103F-16F7-4668-BE54-9A1E7A4F7556}") = "RobotSpaceDriver", "RobotSpace\RobotSpaceDriver.csproj", "{CC4F517F-2BBC-45DB-8279-74C39C38859E}"
EndProject
Project("{9A19103F-16F7-4668-BE54-9A1E7A4F7556}") = "ChessMaster.Chess", "ChessStrategy\ChessMaster.Chess.csproj", "{EA3F2A2D-25CF-44E1-BF61-C5AC280F5C4C}"
EndProject
Project("{9A19103F-16F7-4668-BE54-9A1E7A4F7556}") = "ChessMaster.Tests", "ChessMaster.Tests\ChessMaster.Tests.csproj", "{BA0F0668-44F3-4BDA-A892-F4BC16AC11E0}"
EndProject
Project("{9A19103F-16F7-4668-BE54-9A1E7A4F7556}") = "ChessMaster.ControlApp", "ChessMaster.ControlApp\ChessMaster.ControlApp.csproj", "{3611B3A3-5AC2-454D-A70F-9BA07DCF6194}"
EndProject
Project("{9A19103F-16F7-4668-BE54-9A1E7A4F7556}") = "MemoryMappedCollections", "MemoryMappedCollections\MemoryMappedCollections.csproj", "{C8D0B81D-44C7-40A3-B03B-51FBEB61EAA6}"
EndProject
Project("{9A19103F-16F7-4668-BE54-9A1E7A4F7556}") = "ChessTracking.Core", "ChessTracking.Core\ChessTracking.Core.csproj", "{2165F709-832D-4835-BEBC-0939B9763270}"
EndProject
Project("{FAE04EC0-301F-11D3-BF4B-00C04F79EFBC}") = "ChessTracking.Kinect", "ChessTracking.Kinect\ChessTracking.Kinect.csproj", "{AC3236E9-42DC-45FB-8D69-95E9990EF529}"
EndProject
Project("{9A19103F-16F7-4668-BE54-9A1E7A4F7556}") = "ChessTracking.Common", "ChessTracking.Common\ChessTracking.Common.csproj", "{8450F7E9-EFFA-4E17-94F0-FCC0C59B2CCA}"
EndProject
Project("{FAE04EC0-301F-11D3-BF4B-00C04F79EFBC}") = "ChessTracking", "..\ChessTracking\ChessTracking\ChessTracking.csproj", "{E4D7E77E-E82B-4AAC-9213-3635EC36E481}"
EndProject
Project("{9A19103F-16F7-4668-BE54-9A1E7A4F7556}") = "Stockfish.NET", "Stockfish.NET\Stockfish.NET.csproj", "{D052452D-1DDA-444A-AE6B-1CE504CE5EC4}"
EndProject
Global
	GlobalSection(SolutionConfigurationPlatforms) = preSolution
		Debug|Any CPU = Debug|Any CPU
		Debug|ARM64 = Debug|ARM64
		Debug|x64 = Debug|x64
		Debug|x86 = Debug|x86
		Release|Any CPU = Release|Any CPU
		Release|ARM64 = Release|ARM64
		Release|x64 = Release|x64
		Release|x86 = Release|x86
	EndGlobalSection
	GlobalSection(ProjectConfigurationPlatforms) = postSolution
		{18CDBF08-905E-494E-857C-32D6608A149C}.Debug|Any CPU.ActiveCfg = Debug|Any CPU
		{18CDBF08-905E-494E-857C-32D6608A149C}.Debug|Any CPU.Build.0 = Debug|Any CPU
		{18CDBF08-905E-494E-857C-32D6608A149C}.Debug|ARM64.ActiveCfg = Debug|Any CPU
		{18CDBF08-905E-494E-857C-32D6608A149C}.Debug|ARM64.Build.0 = Debug|Any CPU
		{18CDBF08-905E-494E-857C-32D6608A149C}.Debug|x64.ActiveCfg = Debug|Any CPU
		{18CDBF08-905E-494E-857C-32D6608A149C}.Debug|x64.Build.0 = Debug|Any CPU
		{18CDBF08-905E-494E-857C-32D6608A149C}.Debug|x86.ActiveCfg = Debug|Any CPU
		{18CDBF08-905E-494E-857C-32D6608A149C}.Debug|x86.Build.0 = Debug|Any CPU
		{18CDBF08-905E-494E-857C-32D6608A149C}.Release|Any CPU.ActiveCfg = Release|Any CPU
		{18CDBF08-905E-494E-857C-32D6608A149C}.Release|Any CPU.Build.0 = Release|Any CPU
		{18CDBF08-905E-494E-857C-32D6608A149C}.Release|ARM64.ActiveCfg = Release|Any CPU
		{18CDBF08-905E-494E-857C-32D6608A149C}.Release|ARM64.Build.0 = Release|Any CPU
		{18CDBF08-905E-494E-857C-32D6608A149C}.Release|x64.ActiveCfg = Release|Any CPU
		{18CDBF08-905E-494E-857C-32D6608A149C}.Release|x64.Build.0 = Release|Any CPU
		{18CDBF08-905E-494E-857C-32D6608A149C}.Release|x86.ActiveCfg = Release|Any CPU
		{18CDBF08-905E-494E-857C-32D6608A149C}.Release|x86.Build.0 = Release|Any CPU
		{2B713943-5AE9-46A5-8E52-CC688E8746A7}.Debug|Any CPU.ActiveCfg = Debug|Any CPU
		{2B713943-5AE9-46A5-8E52-CC688E8746A7}.Debug|Any CPU.Build.0 = Debug|Any CPU
		{2B713943-5AE9-46A5-8E52-CC688E8746A7}.Debug|ARM64.ActiveCfg = Debug|Any CPU
		{2B713943-5AE9-46A5-8E52-CC688E8746A7}.Debug|ARM64.Build.0 = Debug|Any CPU
		{2B713943-5AE9-46A5-8E52-CC688E8746A7}.Debug|x64.ActiveCfg = Debug|Any CPU
		{2B713943-5AE9-46A5-8E52-CC688E8746A7}.Debug|x64.Build.0 = Debug|Any CPU
		{2B713943-5AE9-46A5-8E52-CC688E8746A7}.Debug|x86.ActiveCfg = Debug|Any CPU
		{2B713943-5AE9-46A5-8E52-CC688E8746A7}.Debug|x86.Build.0 = Debug|Any CPU
		{2B713943-5AE9-46A5-8E52-CC688E8746A7}.Release|Any CPU.ActiveCfg = Release|Any CPU
		{2B713943-5AE9-46A5-8E52-CC688E8746A7}.Release|Any CPU.Build.0 = Release|Any CPU
		{2B713943-5AE9-46A5-8E52-CC688E8746A7}.Release|ARM64.ActiveCfg = Release|Any CPU
		{2B713943-5AE9-46A5-8E52-CC688E8746A7}.Release|ARM64.Build.0 = Release|Any CPU
		{2B713943-5AE9-46A5-8E52-CC688E8746A7}.Release|x64.ActiveCfg = Release|Any CPU
		{2B713943-5AE9-46A5-8E52-CC688E8746A7}.Release|x64.Build.0 = Release|Any CPU
		{2B713943-5AE9-46A5-8E52-CC688E8746A7}.Release|x86.ActiveCfg = Release|Any CPU
		{2B713943-5AE9-46A5-8E52-CC688E8746A7}.Release|x86.Build.0 = Release|Any CPU
		{BC71D726-08B1-4251-AD5A-690E13FC0E3A}.Debug|Any CPU.ActiveCfg = Debug|Any CPU
		{BC71D726-08B1-4251-AD5A-690E13FC0E3A}.Debug|Any CPU.Build.0 = Debug|Any CPU
		{BC71D726-08B1-4251-AD5A-690E13FC0E3A}.Debug|ARM64.ActiveCfg = Debug|Any CPU
		{BC71D726-08B1-4251-AD5A-690E13FC0E3A}.Debug|ARM64.Build.0 = Debug|Any CPU
		{BC71D726-08B1-4251-AD5A-690E13FC0E3A}.Debug|x64.ActiveCfg = Debug|Any CPU
		{BC71D726-08B1-4251-AD5A-690E13FC0E3A}.Debug|x64.Build.0 = Debug|Any CPU
		{BC71D726-08B1-4251-AD5A-690E13FC0E3A}.Debug|x86.ActiveCfg = Debug|Any CPU
		{BC71D726-08B1-4251-AD5A-690E13FC0E3A}.Debug|x86.Build.0 = Debug|Any CPU
		{BC71D726-08B1-4251-AD5A-690E13FC0E3A}.Release|Any CPU.ActiveCfg = Release|Any CPU
		{BC71D726-08B1-4251-AD5A-690E13FC0E3A}.Release|Any CPU.Build.0 = Release|Any CPU
		{BC71D726-08B1-4251-AD5A-690E13FC0E3A}.Release|ARM64.ActiveCfg = Release|Any CPU
		{BC71D726-08B1-4251-AD5A-690E13FC0E3A}.Release|ARM64.Build.0 = Release|Any CPU
		{BC71D726-08B1-4251-AD5A-690E13FC0E3A}.Release|x64.ActiveCfg = Release|Any CPU
		{BC71D726-08B1-4251-AD5A-690E13FC0E3A}.Release|x64.Build.0 = Release|Any CPU
		{BC71D726-08B1-4251-AD5A-690E13FC0E3A}.Release|x86.ActiveCfg = Release|Any CPU
		{BC71D726-08B1-4251-AD5A-690E13FC0E3A}.Release|x86.Build.0 = Release|Any CPU
		{CC4F517F-2BBC-45DB-8279-74C39C38859E}.Debug|Any CPU.ActiveCfg = Debug|Any CPU
		{CC4F517F-2BBC-45DB-8279-74C39C38859E}.Debug|Any CPU.Build.0 = Debug|Any CPU
		{CC4F517F-2BBC-45DB-8279-74C39C38859E}.Debug|ARM64.ActiveCfg = Debug|Any CPU
		{CC4F517F-2BBC-45DB-8279-74C39C38859E}.Debug|ARM64.Build.0 = Debug|Any CPU
		{CC4F517F-2BBC-45DB-8279-74C39C38859E}.Debug|x64.ActiveCfg = Debug|Any CPU
		{CC4F517F-2BBC-45DB-8279-74C39C38859E}.Debug|x64.Build.0 = Debug|Any CPU
		{CC4F517F-2BBC-45DB-8279-74C39C38859E}.Debug|x86.ActiveCfg = Debug|Any CPU
		{CC4F517F-2BBC-45DB-8279-74C39C38859E}.Debug|x86.Build.0 = Debug|Any CPU
		{CC4F517F-2BBC-45DB-8279-74C39C38859E}.Release|Any CPU.ActiveCfg = Release|Any CPU
		{CC4F517F-2BBC-45DB-8279-74C39C38859E}.Release|Any CPU.Build.0 = Release|Any CPU
		{CC4F517F-2BBC-45DB-8279-74C39C38859E}.Release|ARM64.ActiveCfg = Release|Any CPU
		{CC4F517F-2BBC-45DB-8279-74C39C38859E}.Release|ARM64.Build.0 = Release|Any CPU
		{CC4F517F-2BBC-45DB-8279-74C39C38859E}.Release|x64.ActiveCfg = Release|Any CPU
		{CC4F517F-2BBC-45DB-8279-74C39C38859E}.Release|x64.Build.0 = Release|Any CPU
		{CC4F517F-2BBC-45DB-8279-74C39C38859E}.Release|x86.ActiveCfg = Release|Any CPU
		{CC4F517F-2BBC-45DB-8279-74C39C38859E}.Release|x86.Build.0 = Release|Any CPU
		{EA3F2A2D-25CF-44E1-BF61-C5AC280F5C4C}.Debug|Any CPU.ActiveCfg = Debug|Any CPU
		{EA3F2A2D-25CF-44E1-BF61-C5AC280F5C4C}.Debug|Any CPU.Build.0 = Debug|Any CPU
		{EA3F2A2D-25CF-44E1-BF61-C5AC280F5C4C}.Debug|ARM64.ActiveCfg = Debug|Any CPU
		{EA3F2A2D-25CF-44E1-BF61-C5AC280F5C4C}.Debug|ARM64.Build.0 = Debug|Any CPU
		{EA3F2A2D-25CF-44E1-BF61-C5AC280F5C4C}.Debug|x64.ActiveCfg = Debug|Any CPU
		{EA3F2A2D-25CF-44E1-BF61-C5AC280F5C4C}.Debug|x64.Build.0 = Debug|Any CPU
		{EA3F2A2D-25CF-44E1-BF61-C5AC280F5C4C}.Debug|x86.ActiveCfg = Debug|Any CPU
		{EA3F2A2D-25CF-44E1-BF61-C5AC280F5C4C}.Debug|x86.Build.0 = Debug|Any CPU
		{EA3F2A2D-25CF-44E1-BF61-C5AC280F5C4C}.Release|Any CPU.ActiveCfg = Release|Any CPU
		{EA3F2A2D-25CF-44E1-BF61-C5AC280F5C4C}.Release|Any CPU.Build.0 = Release|Any CPU
		{EA3F2A2D-25CF-44E1-BF61-C5AC280F5C4C}.Release|ARM64.ActiveCfg = Release|Any CPU
		{EA3F2A2D-25CF-44E1-BF61-C5AC280F5C4C}.Release|ARM64.Build.0 = Release|Any CPU
		{EA3F2A2D-25CF-44E1-BF61-C5AC280F5C4C}.Release|x64.ActiveCfg = Release|Any CPU
		{EA3F2A2D-25CF-44E1-BF61-C5AC280F5C4C}.Release|x64.Build.0 = Release|Any CPU
		{EA3F2A2D-25CF-44E1-BF61-C5AC280F5C4C}.Release|x86.ActiveCfg = Release|Any CPU
		{EA3F2A2D-25CF-44E1-BF61-C5AC280F5C4C}.Release|x86.Build.0 = Release|Any CPU
		{BA0F0668-44F3-4BDA-A892-F4BC16AC11E0}.Debug|Any CPU.ActiveCfg = Debug|Any CPU
		{BA0F0668-44F3-4BDA-A892-F4BC16AC11E0}.Debug|Any CPU.Build.0 = Debug|Any CPU
		{BA0F0668-44F3-4BDA-A892-F4BC16AC11E0}.Debug|ARM64.ActiveCfg = Debug|Any CPU
		{BA0F0668-44F3-4BDA-A892-F4BC16AC11E0}.Debug|ARM64.Build.0 = Debug|Any CPU
		{BA0F0668-44F3-4BDA-A892-F4BC16AC11E0}.Debug|x64.ActiveCfg = Debug|Any CPU
		{BA0F0668-44F3-4BDA-A892-F4BC16AC11E0}.Debug|x64.Build.0 = Debug|Any CPU
		{BA0F0668-44F3-4BDA-A892-F4BC16AC11E0}.Debug|x86.ActiveCfg = Debug|Any CPU
		{BA0F0668-44F3-4BDA-A892-F4BC16AC11E0}.Debug|x86.Build.0 = Debug|Any CPU
		{BA0F0668-44F3-4BDA-A892-F4BC16AC11E0}.Release|Any CPU.ActiveCfg = Release|Any CPU
		{BA0F0668-44F3-4BDA-A892-F4BC16AC11E0}.Release|Any CPU.Build.0 = Release|Any CPU
		{BA0F0668-44F3-4BDA-A892-F4BC16AC11E0}.Release|ARM64.ActiveCfg = Release|Any CPU
		{BA0F0668-44F3-4BDA-A892-F4BC16AC11E0}.Release|ARM64.Build.0 = Release|Any CPU
		{BA0F0668-44F3-4BDA-A892-F4BC16AC11E0}.Release|x64.ActiveCfg = Release|Any CPU
		{BA0F0668-44F3-4BDA-A892-F4BC16AC11E0}.Release|x64.Build.0 = Release|Any CPU
		{BA0F0668-44F3-4BDA-A892-F4BC16AC11E0}.Release|x86.ActiveCfg = Release|Any CPU
		{BA0F0668-44F3-4BDA-A892-F4BC16AC11E0}.Release|x86.Build.0 = Release|Any CPU
		{3611B3A3-5AC2-454D-A70F-9BA07DCF6194}.Debug|Any CPU.ActiveCfg = Debug|x86
		{3611B3A3-5AC2-454D-A70F-9BA07DCF6194}.Debug|Any CPU.Build.0 = Debug|x86
		{3611B3A3-5AC2-454D-A70F-9BA07DCF6194}.Debug|Any CPU.Deploy.0 = Debug|x86
		{3611B3A3-5AC2-454D-A70F-9BA07DCF6194}.Debug|ARM64.ActiveCfg = Debug|ARM64
		{3611B3A3-5AC2-454D-A70F-9BA07DCF6194}.Debug|ARM64.Build.0 = Debug|ARM64
		{3611B3A3-5AC2-454D-A70F-9BA07DCF6194}.Debug|ARM64.Deploy.0 = Debug|ARM64
		{3611B3A3-5AC2-454D-A70F-9BA07DCF6194}.Debug|x64.ActiveCfg = Debug|x64
		{3611B3A3-5AC2-454D-A70F-9BA07DCF6194}.Debug|x64.Build.0 = Debug|x64
		{3611B3A3-5AC2-454D-A70F-9BA07DCF6194}.Debug|x64.Deploy.0 = Debug|x64
		{3611B3A3-5AC2-454D-A70F-9BA07DCF6194}.Debug|x86.ActiveCfg = Debug|x64
		{3611B3A3-5AC2-454D-A70F-9BA07DCF6194}.Debug|x86.Build.0 = Debug|x64
		{3611B3A3-5AC2-454D-A70F-9BA07DCF6194}.Debug|x86.Deploy.0 = Debug|x64
		{3611B3A3-5AC2-454D-A70F-9BA07DCF6194}.Release|Any CPU.ActiveCfg = Release|x64
		{3611B3A3-5AC2-454D-A70F-9BA07DCF6194}.Release|Any CPU.Build.0 = Release|x64
		{3611B3A3-5AC2-454D-A70F-9BA07DCF6194}.Release|Any CPU.Deploy.0 = Release|x64
		{3611B3A3-5AC2-454D-A70F-9BA07DCF6194}.Release|ARM64.ActiveCfg = Release|ARM64
		{3611B3A3-5AC2-454D-A70F-9BA07DCF6194}.Release|ARM64.Build.0 = Release|ARM64
		{3611B3A3-5AC2-454D-A70F-9BA07DCF6194}.Release|ARM64.Deploy.0 = Release|ARM64
		{3611B3A3-5AC2-454D-A70F-9BA07DCF6194}.Release|x64.ActiveCfg = Release|x64
		{3611B3A3-5AC2-454D-A70F-9BA07DCF6194}.Release|x64.Build.0 = Release|x64
		{3611B3A3-5AC2-454D-A70F-9BA07DCF6194}.Release|x64.Deploy.0 = Release|x64
		{3611B3A3-5AC2-454D-A70F-9BA07DCF6194}.Release|x86.ActiveCfg = Release|x86
		{3611B3A3-5AC2-454D-A70F-9BA07DCF6194}.Release|x86.Build.0 = Release|x86
		{3611B3A3-5AC2-454D-A70F-9BA07DCF6194}.Release|x86.Deploy.0 = Release|x86
		{C8D0B81D-44C7-40A3-B03B-51FBEB61EAA6}.Debug|Any CPU.ActiveCfg = Debug|Any CPU
		{C8D0B81D-44C7-40A3-B03B-51FBEB61EAA6}.Debug|Any CPU.Build.0 = Debug|Any CPU
		{C8D0B81D-44C7-40A3-B03B-51FBEB61EAA6}.Debug|ARM64.ActiveCfg = Debug|Any CPU
		{C8D0B81D-44C7-40A3-B03B-51FBEB61EAA6}.Debug|ARM64.Build.0 = Debug|Any CPU
		{C8D0B81D-44C7-40A3-B03B-51FBEB61EAA6}.Debug|x64.ActiveCfg = Debug|Any CPU
		{C8D0B81D-44C7-40A3-B03B-51FBEB61EAA6}.Debug|x64.Build.0 = Debug|Any CPU
		{C8D0B81D-44C7-40A3-B03B-51FBEB61EAA6}.Debug|x86.ActiveCfg = Debug|Any CPU
		{C8D0B81D-44C7-40A3-B03B-51FBEB61EAA6}.Debug|x86.Build.0 = Debug|Any CPU
		{C8D0B81D-44C7-40A3-B03B-51FBEB61EAA6}.Release|Any CPU.ActiveCfg = Release|Any CPU
		{C8D0B81D-44C7-40A3-B03B-51FBEB61EAA6}.Release|Any CPU.Build.0 = Release|Any CPU
		{C8D0B81D-44C7-40A3-B03B-51FBEB61EAA6}.Release|ARM64.ActiveCfg = Release|Any CPU
		{C8D0B81D-44C7-40A3-B03B-51FBEB61EAA6}.Release|ARM64.Build.0 = Release|Any CPU
		{C8D0B81D-44C7-40A3-B03B-51FBEB61EAA6}.Release|x64.ActiveCfg = Release|Any CPU
		{C8D0B81D-44C7-40A3-B03B-51FBEB61EAA6}.Release|x64.Build.0 = Release|Any CPU
		{C8D0B81D-44C7-40A3-B03B-51FBEB61EAA6}.Release|x86.ActiveCfg = Release|Any CPU
		{C8D0B81D-44C7-40A3-B03B-51FBEB61EAA6}.Release|x86.Build.0 = Release|Any CPU
		{2165F709-832D-4835-BEBC-0939B9763270}.Debug|Any CPU.ActiveCfg = Debug|Any CPU
		{2165F709-832D-4835-BEBC-0939B9763270}.Debug|Any CPU.Build.0 = Debug|Any CPU
		{2165F709-832D-4835-BEBC-0939B9763270}.Debug|ARM64.ActiveCfg = Debug|Any CPU
		{2165F709-832D-4835-BEBC-0939B9763270}.Debug|ARM64.Build.0 = Debug|Any CPU
		{2165F709-832D-4835-BEBC-0939B9763270}.Debug|x64.ActiveCfg = Debug|Any CPU
		{2165F709-832D-4835-BEBC-0939B9763270}.Debug|x64.Build.0 = Debug|Any CPU
		{2165F709-832D-4835-BEBC-0939B9763270}.Debug|x86.ActiveCfg = Debug|Any CPU
		{2165F709-832D-4835-BEBC-0939B9763270}.Debug|x86.Build.0 = Debug|Any CPU
		{2165F709-832D-4835-BEBC-0939B9763270}.Release|Any CPU.ActiveCfg = Release|Any CPU
		{2165F709-832D-4835-BEBC-0939B9763270}.Release|Any CPU.Build.0 = Release|Any CPU
		{2165F709-832D-4835-BEBC-0939B9763270}.Release|ARM64.ActiveCfg = Release|Any CPU
		{2165F709-832D-4835-BEBC-0939B9763270}.Release|ARM64.Build.0 = Release|Any CPU
		{2165F709-832D-4835-BEBC-0939B9763270}.Release|x64.ActiveCfg = Release|Any CPU
		{2165F709-832D-4835-BEBC-0939B9763270}.Release|x64.Build.0 = Release|Any CPU
		{2165F709-832D-4835-BEBC-0939B9763270}.Release|x86.ActiveCfg = Release|Any CPU
		{2165F709-832D-4835-BEBC-0939B9763270}.Release|x86.Build.0 = Release|Any CPU
		{AC3236E9-42DC-45FB-8D69-95E9990EF529}.Debug|Any CPU.ActiveCfg = Debug|Any CPU
		{AC3236E9-42DC-45FB-8D69-95E9990EF529}.Debug|Any CPU.Build.0 = Debug|Any CPU
		{AC3236E9-42DC-45FB-8D69-95E9990EF529}.Debug|ARM64.ActiveCfg = Debug|Any CPU
		{AC3236E9-42DC-45FB-8D69-95E9990EF529}.Debug|ARM64.Build.0 = Debug|Any CPU
		{AC3236E9-42DC-45FB-8D69-95E9990EF529}.Debug|x64.ActiveCfg = Debug|Any CPU
		{AC3236E9-42DC-45FB-8D69-95E9990EF529}.Debug|x64.Build.0 = Debug|Any CPU
		{AC3236E9-42DC-45FB-8D69-95E9990EF529}.Debug|x86.ActiveCfg = Debug|Any CPU
		{AC3236E9-42DC-45FB-8D69-95E9990EF529}.Debug|x86.Build.0 = Debug|Any CPU
		{AC3236E9-42DC-45FB-8D69-95E9990EF529}.Release|Any CPU.ActiveCfg = Release|Any CPU
		{AC3236E9-42DC-45FB-8D69-95E9990EF529}.Release|Any CPU.Build.0 = Release|Any CPU
		{AC3236E9-42DC-45FB-8D69-95E9990EF529}.Release|ARM64.ActiveCfg = Release|Any CPU
		{AC3236E9-42DC-45FB-8D69-95E9990EF529}.Release|ARM64.Build.0 = Release|Any CPU
		{AC3236E9-42DC-45FB-8D69-95E9990EF529}.Release|x64.ActiveCfg = Release|Any CPU
		{AC3236E9-42DC-45FB-8D69-95E9990EF529}.Release|x64.Build.0 = Release|Any CPU
		{AC3236E9-42DC-45FB-8D69-95E9990EF529}.Release|x86.ActiveCfg = Release|Any CPU
		{AC3236E9-42DC-45FB-8D69-95E9990EF529}.Release|x86.Build.0 = Release|Any CPU
		{8450F7E9-EFFA-4E17-94F0-FCC0C59B2CCA}.Debug|Any CPU.ActiveCfg = Debug|Any CPU
		{8450F7E9-EFFA-4E17-94F0-FCC0C59B2CCA}.Debug|Any CPU.Build.0 = Debug|Any CPU
		{8450F7E9-EFFA-4E17-94F0-FCC0C59B2CCA}.Debug|ARM64.ActiveCfg = Debug|Any CPU
		{8450F7E9-EFFA-4E17-94F0-FCC0C59B2CCA}.Debug|ARM64.Build.0 = Debug|Any CPU
		{8450F7E9-EFFA-4E17-94F0-FCC0C59B2CCA}.Debug|x64.ActiveCfg = Debug|Any CPU
		{8450F7E9-EFFA-4E17-94F0-FCC0C59B2CCA}.Debug|x64.Build.0 = Debug|Any CPU
		{8450F7E9-EFFA-4E17-94F0-FCC0C59B2CCA}.Debug|x86.ActiveCfg = Debug|Any CPU
		{8450F7E9-EFFA-4E17-94F0-FCC0C59B2CCA}.Debug|x86.Build.0 = Debug|Any CPU
		{8450F7E9-EFFA-4E17-94F0-FCC0C59B2CCA}.Release|Any CPU.ActiveCfg = Release|Any CPU
		{8450F7E9-EFFA-4E17-94F0-FCC0C59B2CCA}.Release|Any CPU.Build.0 = Release|Any CPU
		{8450F7E9-EFFA-4E17-94F0-FCC0C59B2CCA}.Release|ARM64.ActiveCfg = Release|Any CPU
		{8450F7E9-EFFA-4E17-94F0-FCC0C59B2CCA}.Release|ARM64.Build.0 = Release|Any CPU
		{8450F7E9-EFFA-4E17-94F0-FCC0C59B2CCA}.Release|x64.ActiveCfg = Release|Any CPU
		{8450F7E9-EFFA-4E17-94F0-FCC0C59B2CCA}.Release|x64.Build.0 = Release|Any CPU
		{8450F7E9-EFFA-4E17-94F0-FCC0C59B2CCA}.Release|x86.ActiveCfg = Release|Any CPU
		{8450F7E9-EFFA-4E17-94F0-FCC0C59B2CCA}.Release|x86.Build.0 = Release|Any CPU
		{E4D7E77E-E82B-4AAC-9213-3635EC36E481}.Debug|Any CPU.ActiveCfg = Debug|Any CPU
		{E4D7E77E-E82B-4AAC-9213-3635EC36E481}.Debug|Any CPU.Build.0 = Debug|Any CPU
		{E4D7E77E-E82B-4AAC-9213-3635EC36E481}.Debug|ARM64.ActiveCfg = Debug|Any CPU
		{E4D7E77E-E82B-4AAC-9213-3635EC36E481}.Debug|ARM64.Build.0 = Debug|Any CPU
		{E4D7E77E-E82B-4AAC-9213-3635EC36E481}.Debug|x64.ActiveCfg = Debug|Any CPU
		{E4D7E77E-E82B-4AAC-9213-3635EC36E481}.Debug|x64.Build.0 = Debug|Any CPU
		{E4D7E77E-E82B-4AAC-9213-3635EC36E481}.Debug|x86.ActiveCfg = Debug|Any CPU
		{E4D7E77E-E82B-4AAC-9213-3635EC36E481}.Debug|x86.Build.0 = Debug|Any CPU
		{E4D7E77E-E82B-4AAC-9213-3635EC36E481}.Release|Any CPU.ActiveCfg = Release|Any CPU
		{E4D7E77E-E82B-4AAC-9213-3635EC36E481}.Release|Any CPU.Build.0 = Release|Any CPU
		{E4D7E77E-E82B-4AAC-9213-3635EC36E481}.Release|ARM64.ActiveCfg = Release|Any CPU
		{E4D7E77E-E82B-4AAC-9213-3635EC36E481}.Release|ARM64.Build.0 = Release|Any CPU
		{E4D7E77E-E82B-4AAC-9213-3635EC36E481}.Release|x64.ActiveCfg = Release|Any CPU
		{E4D7E77E-E82B-4AAC-9213-3635EC36E481}.Release|x64.Build.0 = Release|Any CPU
		{E4D7E77E-E82B-4AAC-9213-3635EC36E481}.Release|x86.ActiveCfg = Release|Any CPU
		{E4D7E77E-E82B-4AAC-9213-3635EC36E481}.Release|x86.Build.0 = Release|Any CPU
		{D052452D-1DDA-444A-AE6B-1CE504CE5EC4}.Debug|Any CPU.ActiveCfg = Debug|Any CPU
		{D052452D-1DDA-444A-AE6B-1CE504CE5EC4}.Debug|Any CPU.Build.0 = Debug|Any CPU
		{D052452D-1DDA-444A-AE6B-1CE504CE5EC4}.Debug|ARM64.ActiveCfg = Debug|Any CPU
		{D052452D-1DDA-444A-AE6B-1CE504CE5EC4}.Debug|ARM64.Build.0 = Debug|Any CPU
		{D052452D-1DDA-444A-AE6B-1CE504CE5EC4}.Debug|x64.ActiveCfg = Debug|Any CPU
		{D052452D-1DDA-444A-AE6B-1CE504CE5EC4}.Debug|x64.Build.0 = Debug|Any CPU
		{D052452D-1DDA-444A-AE6B-1CE504CE5EC4}.Debug|x86.ActiveCfg = Debug|Any CPU
		{D052452D-1DDA-444A-AE6B-1CE504CE5EC4}.Debug|x86.Build.0 = Debug|Any CPU
		{D052452D-1DDA-444A-AE6B-1CE504CE5EC4}.Release|Any CPU.ActiveCfg = Release|Any CPU
		{D052452D-1DDA-444A-AE6B-1CE504CE5EC4}.Release|Any CPU.Build.0 = Release|Any CPU
		{D052452D-1DDA-444A-AE6B-1CE504CE5EC4}.Release|ARM64.ActiveCfg = Release|Any CPU
		{D052452D-1DDA-444A-AE6B-1CE504CE5EC4}.Release|ARM64.Build.0 = Release|Any CPU
		{D052452D-1DDA-444A-AE6B-1CE504CE5EC4}.Release|x64.ActiveCfg = Release|Any CPU
		{D052452D-1DDA-444A-AE6B-1CE504CE5EC4}.Release|x64.Build.0 = Release|Any CPU
		{D052452D-1DDA-444A-AE6B-1CE504CE5EC4}.Release|x86.ActiveCfg = Release|Any CPU
		{D052452D-1DDA-444A-AE6B-1CE504CE5EC4}.Release|x86.Build.0 = Release|Any CPU
	EndGlobalSection
	GlobalSection(SolutionProperties) = preSolution
		HideSolutionNode = FALSE
	EndGlobalSection
	GlobalSection(ExtensibilityGlobals) = postSolution
		SolutionGuid = {6740692C-921F-456D-80EE-77E62FFA48F1}
	EndGlobalSection
EndGlobal
